
Microsoft Visual Studio Solution File, Format Version 12.00
# Visual Studio Version 16
VisualStudioVersion = 16.0.30717.126
MinimumVisualStudioVersion = 10.0.40219.1
Project("{9A19103F-16F7-4668-BE54-9A1E7A4F7556}") = "HW2_WebApp_for_SOLID_and_IoC", "HW2_WebApp_for_SOLID_and_IoC\HW2_WebApp_for_SOLID_and_IoC.csproj", "{C62EA9C6-2403-4D25-831A-3B2AD645795B}"
EndProject
Global
	GlobalSection(SolutionConfigurationPlatforms) = preSolution
		Debug|Any CPU = Debug|Any CPU
		Release|Any CPU = Release|Any CPU
	EndGlobalSection
	GlobalSection(ProjectConfigurationPlatforms) = postSolution
		{C62EA9C6-2403-4D25-831A-3B2AD645795B}.Debug|Any CPU.ActiveCfg = Debug|Any CPU
		{C62EA9C6-2403-4D25-831A-3B2AD645795B}.Debug|Any CPU.Build.0 = Debug|Any CPU
		{C62EA9C6-2403-4D25-831A-3B2AD645795B}.Release|Any CPU.ActiveCfg = Release|Any CPU
		{C62EA9C6-2403-4D25-831A-3B2AD645795B}.Release|Any CPU.Build.0 = Release|Any CPU
	EndGlobalSection
	GlobalSection(SolutionProperties) = preSolution
		HideSolutionNode = FALSE
	EndGlobalSection
	GlobalSection(ExtensibilityGlobals) = postSolution
		SolutionGuid = {4250DA75-739D-4CEA-A762-96DDE2DED9AE}
	EndGlobalSection
EndGlobal
